
Microsoft Visual Studio Solution File, Format Version 12.00
# Visual Studio Version 17
VisualStudioVersion = 17.4.33213.308
MinimumVisualStudioVersion = 10.0.40219.1
Project("{9A19103F-16F7-4668-BE54-9A1E7A4F7556}") = "ZoomIntoSpotify", "ZoomIntoSpotify.csproj", "{005946C4-8387-42AD-8EC2-C3F1A36328CC}"
EndProject
Global
	GlobalSection(SolutionConfigurationPlatforms) = preSolution
		Debug|Any CPU = Debug|Any CPU
		Release|Any CPU = Release|Any CPU
	EndGlobalSection
	GlobalSection(ProjectConfigurationPlatforms) = postSolution
		{005946C4-8387-42AD-8EC2-C3F1A36328CC}.Debug|Any CPU.ActiveCfg = Debug|Any CPU
		{005946C4-8387-42AD-8EC2-C3F1A36328CC}.Debug|Any CPU.Build.0 = Debug|Any CPU
		{005946C4-8387-42AD-8EC2-C3F1A36328CC}.Release|Any CPU.ActiveCfg = Release|Any CPU
		{005946C4-8387-42AD-8EC2-C3F1A36328CC}.Release|Any CPU.Build.0 = Release|Any CPU
	EndGlobalSection
	GlobalSection(SolutionProperties) = preSolution
		HideSolutionNode = FALSE
	EndGlobalSection
	GlobalSection(ExtensibilityGlobals) = postSolution
		SolutionGuid = {40D20021-15E1-41B5-8520-2DE452C8576C}
	EndGlobalSection
EndGlobal
